PODS:
  - ItemsDataSource (0.1.1)

DEPENDENCIES:
  - ItemsDataSource

SPEC REPOS:
  https://github.com/CocoaPods/Specs.git:
    - ItemsDataSource

SPEC CHECKSUMS:
  ItemsDataSource: e1dfd7434d668f617dd96aee5d561b8044aae188

PODFILE CHECKSUM: a77c8eee958387f76155076ed2cebe39b89745d4

COCOAPODS: 1.5.0
